// !$*UTF8*$!
{
	archiveVersion = 1;
	classes = {
	};
	objectVersion = 50;
	objects = {

/* Begin PBXBuildFile section */
		224113332122FEAD00198C47 /* AppDelegate.swift in Sources */ = {isa = PBXBuildFile; fileRef = 224113322122FEAD00198C47 /* AppDelegate.swift */; };
		224113352122FEAD00198C47 /* LoginViewController.swift in Sources */ = {isa = PBXBuildFile; fileRef = 224113342122FEAD00198C47 /* LoginViewController.swift */; };
		224113382122FEAD00198C47 /* Main.storyboard in Resources */ = {isa = PBXBuildFile; fileRef = 224113362122FEAD00198C47 /* Main.storyboard */; };
		2241133A2122FEAE00198C47 /* Assets.xcassets in Resources */ = {isa = PBXBuildFile; fileRef = 224113392122FEAE00198C47 /* Assets.xcassets */; };
		2241133D2122FEAE00198C47 /* LaunchScreen.storyboard in Resources */ = {isa = PBXBuildFile; fileRef = 2241133B2122FEAE00198C47 /* LaunchScreen.storyboard */; };
		2241134721230AA900198C47 /* JoinViewController.swift in Sources */ = {isa = PBXBuildFile; fileRef = 2241134621230AA900198C47 /* JoinViewController.swift */; };
		2241134921230DB800198C47 /* BoardViewController.swift in Sources */ = {isa = PBXBuildFile; fileRef = 2241134821230DB800198C47 /* BoardViewController.swift */; };
		2241134B2123126C00198C47 /* BoardTableViewCell.swift in Sources */ = {isa = PBXBuildFile; fileRef = 2241134A2123126C00198C47 /* BoardTableViewCell.swift */; };
		2241134D2123138A00198C47 /* WriteViewController.swift in Sources */ = {isa = PBXBuildFile; fileRef = 2241134C2123138A00198C47 /* WriteViewController.swift */; };
/* End PBXBuildFile section */

/* Begin PBXFileReference section */
		2241132F2122FEAD00198C47 /* Frage.app */ = {isa = PBXFileReference; explicitFileType = wrapper.application; includeInIndex = 0; path = Frage.app; sourceTree = BUILT_PRODUCTS_DIR; };
		224113322122FEAD00198C47 /* AppDelegate.swift */ = {isa = PBXFileReference; lastKnownFileType = sourcecode.swift; path = AppDelegate.swift; sourceTree = "<group>"; };
		224113342122FEAD00198C47 /* LoginViewController.swift */ = {isa = PBXFileReference; lastKnownFileType = sourcecode.swift; path = LoginViewController.swift; sourceTree = "<group>"; };
		224113372122FEAD00198C47 /* Base */ = {isa = PBXFileReference; lastKnownFileType = file.storyboard; name = Base; path = Base.lproj/Main.storyboard; sourceTree = "<group>"; };
		224113392122FEAE00198C47 /* Assets.xcassets */ = {isa = PBXFileReference; lastKnownFileType = folder.assetcatalog; path = Assets.xcassets; sourceTree = "<group>"; };
		2241133C2122FEAE00198C47 /* Base */ = {isa = PBXFileReference; lastKnownFileType = file.storyboard; name = Base; path = Base.lproj/LaunchScreen.storyboard; sourceTree = "<group>"; };
		2241133E2122FEAE00198C47 /* Info.plist */ = {isa = PBXFileReference; lastKnownFileType = text.plist.xml; path = Info.plist; sourceTree = "<group>"; };
		2241134621230AA900198C47 /* JoinViewController.swift */ = {isa = PBXFileReference; lastKnownFileType = sourcecode.swift; path = JoinViewController.swift; sourceTree = "<group>"; };
		2241134821230DB800198C47 /* BoardViewController.swift */ = {isa = PBXFileReference; lastKnownFileType = sourcecode.swift; path = BoardViewController.swift; sourceTree = "<group>"; };
		2241134A2123126C00198C47 /* BoardTableViewCell.swift */ = {isa = PBXFileReference; lastKnownFileType = sourcecode.swift; path = BoardTableViewCell.swift; sourceTree = "<group>"; };
		2241134C2123138A00198C47 /* WriteViewController.swift */ = {isa = PBXFileReference; lastKnownFileType = sourcecode.swift; path = WriteViewController.swift; sourceTree = "<group>"; };
/* End PBXFileReference section */

/* Begin PBXFrameworksBuildPhase section */
		2241132C2122FEAD00198C47 /* Frameworks */ = {
			isa = PBXFrameworksBuildPhase;
			buildActionMask = 2147483647;
			files = (
			);
			runOnlyForDeploymentPostprocessing = 0;
		};
/* End PBXFrameworksBuildPhase section */

/* Begin PBXGroup section */
		224113262122FEAD00198C47 = {
			isa = PBXGroup;
			children = (
				224113312122FEAD00198C47 /* Frage */,
				224113302122FEAD00198C47 /* Products */,
			);
			sourceTree = "<group>";
		};
		224113302122FEAD00198C47 /* Products */ = {
			isa = PBXGroup;
			children = (
				2241132F2122FEAD00198C47 /* Frage.app */,
			);
			name = Products;
			sourceTree = "<group>";
		};
		224113312122FEAD00198C47 /* Frage */ = {
			isa = PBXGroup;
			children = (
				224113322122FEAD00198C47 /* AppDelegate.swift */,
				224113442122FEB500198C47 /* ViewController */,
				224113452122FEC000198C47 /* Storyboard */,
				224113392122FEAE00198C47 /* Assets.xcassets */,
				2241133E2122FEAE00198C47 /* Info.plist */,
			);
			path = Frage;
			sourceTree = "<group>";
		};
		224113442122FEB500198C47 /* ViewController */ = {
			isa = PBXGroup;
			children = (
				224113342122FEAD00198C47 /* LoginViewController.swift */,
				2241134621230AA900198C47 /* JoinViewController.swift */,
				2241134821230DB800198C47 /* BoardViewController.swift */,
				2241134A2123126C00198C47 /* BoardTableViewCell.swift */,
				2241134C2123138A00198C47 /* WriteViewController.swift */,
			);
			path = ViewController;
			sourceTree = "<group>";
		};
		224113452122FEC000198C47 /* Storyboard */ = {
			isa = PBXGroup;
			children = (
				224113362122FEAD00198C47 /* Main.storyboard */,
				2241133B2122FEAE00198C47 /* LaunchScreen.storyboard */,
			);
			path = Storyboard;
			sourceTree = "<group>";
		};
/* End PBXGroup section */

/* Begin PBXNativeTarget section */
		2241132E2122FEAD00198C47 /* Frage */ = {
			isa = PBXNativeTarget;
			buildConfigurationList = 224113412122FEAE00198C47 /* Build configuration list for PBXNativeTarget "Frage" */;
			buildPhases = (
				2241132B2122FEAD00198C47 /* Sources */,
				2241132C2122FEAD00198C47 /* Frameworks */,
				2241132D2122FEAD00198C47 /* Resources */,
			);
			buildRules = (
			);
			dependencies = (
			);
			name = Frage;
			productName = Frage;
			productReference = 2241132F2122FEAD00198C47 /* Frage.app */;
			productType = "com.apple.product-type.application";
		};
/* End PBXNativeTarget section */

/* Begin PBXProject section */
		224113272122FEAD00198C47 /* Project object */ = {
			isa = PBXProject;
			attributes = {
				LastSwiftUpdateCheck = 0940;
				LastUpgradeCheck = 0940;
				ORGANIZATIONNAME = yeen;
				TargetAttributes = {
					2241132E2122FEAD00198C47 = {
						CreatedOnToolsVersion = 9.4.1;
					};
				};
			};
			buildConfigurationList = 2241132A2122FEAD00198C47 /* Build configuration list for PBXProject "Frage" */;
			compatibilityVersion = "Xcode 9.3";
			developmentRegion = en;
			hasScannedForEncodings = 0;
			knownRegions = (
				en,
				Base,
			);
			mainGroup = 224113262122FEAD00198C47;
			productRefGroup = 224113302122FEAD00198C47 /* Products */;
			projectDirPath = "";
			projectRoot = "";
			targets = (
				2241132E2122FEAD00198C47 /* Frage */,
			);
		};
/* End PBXProject section */

/* Begin PBXResourcesBuildPhase section */
		2241132D2122FEAD00198C47 /* Resources */ = {
			isa = PBXResourcesBuildPhase;
			buildActionMask = 2147483647;
			files = (
				2241133D2122FEAE00198C47 /* LaunchScreen.storyboard in Resources */,
				2241133A2122FEAE00198C47 /* Assets.xcassets in Resources */,
				224113382122FEAD00198C47 /* Main.storyboard in Resources */,
			);
			runOnlyForDeploymentPostprocessing = 0;
		};
/* End PBXResourcesBuildPhase section */

/* Begin PBXSourcesBuildPhase section */
		2241132B2122FEAD00198C47 /* Sources */ = {
			isa = PBXSourcesBuildPhase;
			buildActionMask = 2147483647;
			files = (
				2241134D2123138A00198C47 /* WriteViewController.swift in Sources */,
				2241134B2123126C00198C47 /* BoardTableViewCell.swift in Sources */,
				224113352122FEAD00198C47 /* LoginViewController.swift in Sources */,
				2241134721230AA900198C47 /* JoinViewController.swift in Sources */,
				224113332122FEAD00198C47 /* AppDelegate.swift in Sources */,
				2241134921230DB800198C47 /* BoardViewController.swift in Sources */,
			);
			runOnlyForDeploymentPostprocessing = 0;
		};
/* End PBXSourcesBuildPhase section */

/* Begin PBXVariantGroup section */
		224113362122FEAD00198C47 /* Main.storyboard */ = {
			isa = PBXVariantGroup;
			children = (
				224113372122FEAD00198C47 /* Base */,
			);
			name = Main.storyboard;
			sourceTree = "<group>";
		};
		2241133B2122FEAE00198C47 /* LaunchScreen.storyboard */ = {
			isa = PBXVariantGroup;
			children = (
				2241133C2122FEAE00198C47 /* Base */,
			);
			name = LaunchScreen.storyboard;
			sourceTree = "<group>";
		};
/* End PBXVariantGroup section */

/* Begin XCBuildConfiguration section */
		2241133F2122FEAE00198C47 /* Debug */ = {
			isa = XCBuildConfiguration;
			buildSettings = {
				ALWAYS_SEARCH_USER_PATHS = NO;
				CLANG_ANALYZER_NONNULL = YES;
				CLANG_ANALYZER_NUMBER_OBJECT_CONVERSION = YES_AGGRESSIVE;
				CLANG_CXX_LANGUAGE_STANDARD = "gnu++14";
				CLANG_CXX_LIBRARY = "libc++";
				CLANG_ENABLE_MODULES = YES;
				CLANG_ENABLE_OBJC_ARC = YES;
				CLANG_ENABLE_OBJC_WEAK = YES;
				CLANG_WARN_BLOCK_CAPTURE_AUTORELEASING = YES;
				CLANG_WARN_BOOL_CONVERSION = YES;
				CLANG_WARN_COMMA = YES;
				CLANG_WARN_CONSTANT_CONVERSION = YES;
				CLANG_WARN_DEPRECATED_OBJC_IMPLEMENTATIONS = YES;
				CLANG_WARN_DIRECT_OBJC_ISA_USAGE = YES_ERROR;
				CLANG_WARN_DOCUMENTATION_COMMENTS = YES;
				CLANG_WARN_EMPTY_BODY = YES;
				CLANG_WARN_ENUM_CONVERSION = YES;
				CLANG_WARN_INFINITE_RECURSION = YES;
				CLANG_WARN_INT_CONVERSION = YES;
				CLANG_WARN_NON_LITERAL_NULL_CONVERSION = YES;
				CLANG_WARN_OBJC_IMPLICIT_RETAIN_SELF = YES;
				CLANG_WARN_OBJC_LITERAL_CONVERSION = YES;
				CLANG_WARN_OBJC_ROOT_CLASS = YES_ERROR;
				CLANG_WARN_RANGE_LOOP_ANALYSIS = YES;
				CLANG_WARN_STRICT_PROTOTYPES = YES;
				CLANG_WARN_SUSPICIOUS_MOVE = YES;
				CLANG_WARN_UNGUARDED_AVAILABILITY = YES_AGGRESSIVE;
				CLANG_WARN_UNREACHABLE_CODE = YES;
				CLANG_WARN__DUPLICATE_METHOD_MATCH = YES;
				CODE_SIGN_IDENTITY = "iPhone Developer";
				COPY_PHASE_STRIP = NO;
				DEBUG_INFORMATION_FORMAT = dwarf;
				ENABLE_STRICT_OBJC_MSGSEND = YES;
				ENABLE_TESTABILITY = YES;
				GCC_C_LANGUAGE_STANDARD = gnu11;
				GCC_DYNAMIC_NO_PIC = NO;
				GCC_NO_COMMON_BLOCKS = YES;
				GCC_OPTIMIZATION_LEVEL = 0;
				GCC_PREPROCESSOR_DEFINITIONS = (
					"DEBUG=1",
					"$(inherited)",
				);
				GCC_WARN_64_TO_32_BIT_CONVERSION = YES;
				GCC_WARN_ABOUT_RETURN_TYPE = YES_ERROR;
				GCC_WARN_UNDECLARED_SELECTOR = YES;
				GCC_WARN_UNINITIALIZED_AUTOS = YES_AGGRESSIVE;
				GCC_WARN_UNUSED_FUNCTION = YES;
				GCC_WARN_UNUSED_VARIABLE = YES;
				IPHONEOS_DEPLOYMENT_TARGET = 11.4;
				MTL_ENABLE_DEBUG_INFO = YES;
				ONLY_ACTIVE_ARCH = YES;
				SDKROOT = iphoneos;
				SWIFT_ACTIVE_COMPILATION_CONDITIONS = DEBUG;
				SWIFT_OPTIMIZATION_LEVEL = "-Onone";
			};
			name = Debug;
		};
		224113402122FEAE00198C47 /* Release */ = {
			isa = XCBuildConfiguration;
			buildSettings = {
				ALWAYS_SEARCH_USER_PATHS = NO;
				CLANG_ANALYZER_NONNULL = YES;
				CLANG_ANALYZER_NUMBER_OBJECT_CONVERSION = YES_AGGRESSIVE;
				CLANG_CXX_LANGUAGE_STANDARD = "gnu++14";
				CLANG_CXX_LIBRARY = "libc++";
				CLANG_ENABLE_MODULES = YES;
				CLANG_ENABLE_OBJC_ARC = YES;
				CLANG_ENABLE_OBJC_WEAK = YES;
				CLANG_WARN_BLOCK_CAPTURE_AUTORELEASING = YES;
				CLANG_WARN_BOOL_CONVERSION = YES;
				CLANG_WARN_COMMA = YES;
				CLANG_WARN_CONSTANT_CONVERSION = YES;
				CLANG_WARN_DEPRECATED_OBJC_IMPLEMENTATIONS = YES;
				CLANG_WARN_DIRECT_OBJC_ISA_USAGE = YES_ERROR;
				CLANG_WARN_DOCUMENTATION_COMMENTS = YES;
				CLANG_WARN_EMPTY_BODY = YES;
				CLANG_WARN_ENUM_CONVERSION = YES;
				CLANG_WARN_INFINITE_RECURSION = YES;
				CLANG_WARN_INT_CONVERSION = YES;
				CLANG_WARN_NON_LITERAL_NULL_CONVERSION = YES;
				CLANG_WARN_OBJC_IMPLICIT_RETAIN_SELF = YES;
				CLANG_WARN_OBJC_LITERAL_CONVERSION = YES;
				CLANG_WARN_OBJC_ROOT_CLASS = YES_ERROR;
				CLANG_WARN_RANGE_LOOP_ANALYSIS = YES;
				CLANG_WARN_STRICT_PROTOTYPES = YES;
				CLANG_WARN_SUSPICIOUS_MOVE = YES;
				CLANG_WARN_UNGUARDED_AVAILABILITY = YES_AGGRESSIVE;
				CLANG_WARN_UNREACHABLE_CODE = YES;
				CLANG_WARN__DUPLICATE_METHOD_MATCH = YES;
				CODE_SIGN_IDENTITY = "iPhone Developer";
				COPY_PHASE_STRIP = NO;
				DEBUG_INFORMATION_FORMAT = "dwarf-with-dsym";
				ENABLE_NS_ASSERTIONS = NO;
				ENABLE_STRICT_OBJC_MSGSEND = YES;
				GCC_C_LANGUAGE_STANDARD = gnu11;
				GCC_NO_COMMON_BLOCKS = YES;
				GCC_WARN_64_TO_32_BIT_CONVERSION = YES;
				GCC_WARN_ABOUT_RETURN_TYPE = YES_ERROR;
				GCC_WARN_UNDECLARED_SELECTOR = YES;
				GCC_WARN_UNINITIALIZED_AUTOS = YES_AGGRESSIVE;
				GCC_WARN_UNUSED_FUNCTION = YES;
				GCC_WARN_UNUSED_VARIABLE = YES;
				IPHONEOS_DEPLOYMENT_TARGET = 11.4;
				MTL_ENABLE_DEBUG_INFO = NO;
				SDKROOT = iphoneos;
				SWIFT_COMPILATION_MODE = wholemodule;
				SWIFT_OPTIMIZATION_LEVEL = "-O";
				VALIDATE_PRODUCT = YES;
			};
			name = Release;
		};
		224113422122FEAE00198C47 /* Debug */ = {
			isa = XCBuildConfiguration;
			buildSettings = {
				ASSETCATALOG_COMPILER_APPICON_NAME = AppIcon;
				CODE_SIGN_STYLE = Automatic;
				INFOPLIST_FILE = Frage/Info.plist;
				LD_RUNPATH_SEARCH_PATHS = (
					"$(inherited)",
					"@executable_path/Frameworks",
				);
				PRODUCT_BUNDLE_IDENTIFIER = com.develop.yeen.Frage;
				PRODUCT_NAME = "$(TARGET_NAME)";
				SWIFT_VERSION = 4.0;
				TARGETED_DEVICE_FAMILY = "1,2";
			};
			name = Debug;
		};
		224113432122FEAE00198C47 /* Release */ = {
			isa = XCBuildConfiguration;
			buildSettings = {
				ASSETCATALOG_COMPILER_APPICON_NAME = AppIcon;
				CODE_SIGN_STYLE = Automatic;
				INFOPLIST_FILE = Frage/Info.plist;
				LD_RUNPATH_SEARCH_PATHS = (
					"$(inherited)",
					"@executable_path/Frameworks",
				);
				PRODUCT_BUNDLE_IDENTIFIER = com.develop.yeen.Frage;
				PRODUCT_NAME = "$(TARGET_NAME)";
				SWIFT_VERSION = 4.0;
				TARGETED_DEVICE_FAMILY = "1,2";
			};
			name = Release;
		};
/* End XCBuildConfiguration section */

/* Begin XCConfigurationList section */
		2241132A2122FEAD00198C47 /* Build configuration list for PBXProject "Frage" */ = {
			isa = XCConfigurationList;
			buildConfigurations = (
				2241133F2122FEAE00198C47 /* Debug */,
				224113402122FEAE00198C47 /* Release */,
			);
			defaultConfigurationIsVisible = 0;
			defaultConfigurationName = Release;
		};
		224113412122FEAE00198C47 /* Build configuration list for PBXNativeTarget "Frage" */ = {
			isa = XCConfigurationList;
			buildConfigurations = (
				224113422122FEAE00198C47 /* Debug */,
				224113432122FEAE00198C47 /* Release */,
			);
			defaultConfigurationIsVisible = 0;
			defaultConfigurationName = Release;
		};
/* End XCConfigurationList section */
	};
	rootObject = 224113272122FEAD00198C47 /* Project object */;
}
