// !$*UTF8*$!
{
	archiveVersion = 1;
	classes = {
	};
	objectVersion = 50;
	objects = {

/* Begin PBXBuildFile section */
		06826DD55A9AD188E9E32B16 /* Pods_Frage.framework in Frameworks */ = {isa = PBXBuildFile; fileRef = BA81A93D33D7879B7392E6BB /* Pods_Frage.framework */; };
		224113332122FEAD00198C47 /* AppDelegate.swift in Sources */ = {isa = PBXBuildFile; fileRef = 224113322122FEAD00198C47 /* AppDelegate.swift */; };
		224113352122FEAD00198C47 /* LoginViewController.swift in Sources */ = {isa = PBXBuildFile; fileRef = 224113342122FEAD00198C47 /* LoginViewController.swift */; };
		224113382122FEAD00198C47 /* Main.storyboard in Resources */ = {isa = PBXBuildFile; fileRef = 224113362122FEAD00198C47 /* Main.storyboard */; };
		2241133A2122FEAE00198C47 /* Assets.xcassets in Resources */ = {isa = PBXBuildFile; fileRef = 224113392122FEAE00198C47 /* Assets.xcassets */; };
		2241133D2122FEAE00198C47 /* LaunchScreen.storyboard in Resources */ = {isa = PBXBuildFile; fileRef = 2241133B2122FEAE00198C47 /* LaunchScreen.storyboard */; };
		2241134721230AA900198C47 /* JoinViewController.swift in Sources */ = {isa = PBXBuildFile; fileRef = 2241134621230AA900198C47 /* JoinViewController.swift */; };
		2241134921230DB800198C47 /* BoardViewController.swift in Sources */ = {isa = PBXBuildFile; fileRef = 2241134821230DB800198C47 /* BoardViewController.swift */; };
		2241134B2123126C00198C47 /* BoardTableViewCell.swift in Sources */ = {isa = PBXBuildFile; fileRef = 2241134A2123126C00198C47 /* BoardTableViewCell.swift */; };
		224113512123194000198C47 /* MyPageViewController.swift in Sources */ = {isa = PBXBuildFile; fileRef = 224113502123194000198C47 /* MyPageViewController.swift */; };
		2241135321231BF300198C47 /* UpdateMyPageViewController.swift in Sources */ = {isa = PBXBuildFile; fileRef = 2241135221231BF300198C47 /* UpdateMyPageViewController.swift */; };
		2241135521231CB100198C47 /* BoardDetailViewController.swift in Sources */ = {isa = PBXBuildFile; fileRef = 2241135421231CB100198C47 /* BoardDetailViewController.swift */; };
		22DC270121234DF100D6A254 /* APIService.swift in Sources */ = {isa = PBXBuildFile; fileRef = 22DC270021234DF100D6A254 /* APIService.swift */; };
		CE8942B821232B83003173D0 /* MyPage.storyboard in Resources */ = {isa = PBXBuildFile; fileRef = CE8942B721232B83003173D0 /* MyPage.storyboard */; };
		CE8942BA21232B8F003173D0 /* Board.storyboard in Resources */ = {isa = PBXBuildFile; fileRef = CE8942B921232B8F003173D0 /* Board.storyboard */; };
		CEE65BBC212332AA003BC904 /* BoardDetail.storyboard in Resources */ = {isa = PBXBuildFile; fileRef = CEE65BBB212332AA003BC904 /* BoardDetail.storyboard */; };
		CEE65BBE212338B1003BC904 /* Frage.swift in Sources */ = {isa = PBXBuildFile; fileRef = CEE65BBD212338B1003BC904 /* Frage.swift */; };
		CEE65BC0212338D8003BC904 /* Result.swift in Sources */ = {isa = PBXBuildFile; fileRef = CEE65BBF212338D8003BC904 /* Result.swift */; };
		CEE65BC321234BCA003BC904 /* PostFrageViewController.swift in Sources */ = {isa = PBXBuildFile; fileRef = CEE65BC221234BCA003BC904 /* PostFrageViewController.swift */; };
/* End PBXBuildFile section */

/* Begin PBXFileReference section */
		2241132F2122FEAD00198C47 /* Frage.app */ = {isa = PBXFileReference; explicitFileType = wrapper.application; includeInIndex = 0; path = Frage.app; sourceTree = BUILT_PRODUCTS_DIR; };
		224113322122FEAD00198C47 /* AppDelegate.swift */ = {isa = PBXFileReference; lastKnownFileType = sourcecode.swift; path = AppDelegate.swift; sourceTree = "<group>"; };
		224113342122FEAD00198C47 /* LoginViewController.swift */ = {isa = PBXFileReference; lastKnownFileType = sourcecode.swift; path = LoginViewController.swift; sourceTree = "<group>"; };
		224113372122FEAD00198C47 /* Base */ = {isa = PBXFileReference; lastKnownFileType = file.storyboard; name = Base; path = Base.lproj/Main.storyboard; sourceTree = "<group>"; };
		224113392122FEAE00198C47 /* Assets.xcassets */ = {isa = PBXFileReference; lastKnownFileType = folder.assetcatalog; path = Assets.xcassets; sourceTree = "<group>"; };
		2241133C2122FEAE00198C47 /* Base */ = {isa = PBXFileReference; lastKnownFileType = file.storyboard; name = Base; path = Base.lproj/LaunchScreen.storyboard; sourceTree = "<group>"; };
		2241133E2122FEAE00198C47 /* Info.plist */ = {isa = PBXFileReference; lastKnownFileType = text.plist.xml; path = Info.plist; sourceTree = "<group>"; };
		2241134621230AA900198C47 /* JoinViewController.swift */ = {isa = PBXFileReference; lastKnownFileType = sourcecode.swift; path = JoinViewController.swift; sourceTree = "<group>"; };
		2241134821230DB800198C47 /* BoardViewController.swift */ = {isa = PBXFileReference; lastKnownFileType = sourcecode.swift; path = BoardViewController.swift; sourceTree = "<group>"; };
		2241134A2123126C00198C47 /* BoardTableViewCell.swift */ = {isa = PBXFileReference; lastKnownFileType = sourcecode.swift; path = BoardTableViewCell.swift; sourceTree = "<group>"; };
		224113502123194000198C47 /* MyPageViewController.swift */ = {isa = PBXFileReference; lastKnownFileType = sourcecode.swift; path = MyPageViewController.swift; sourceTree = "<group>"; };
		2241135221231BF300198C47 /* UpdateMyPageViewController.swift */ = {isa = PBXFileReference; lastKnownFileType = sourcecode.swift; path = UpdateMyPageViewController.swift; sourceTree = "<group>"; };
		2241135421231CB100198C47 /* BoardDetailViewController.swift */ = {isa = PBXFileReference; lastKnownFileType = sourcecode.swift; path = BoardDetailViewController.swift; sourceTree = "<group>"; };
		22DC270021234DF100D6A254 /* APIService.swift */ = {isa = PBXFileReference; lastKnownFileType = sourcecode.swift; path = APIService.swift; sourceTree = "<group>"; };
		234E2BB16CCBDF5CF00C8E22 /* Pods-Frage.release.xcconfig */ = {isa = PBXFileReference; includeInIndex = 1; lastKnownFileType = text.xcconfig; name = "Pods-Frage.release.xcconfig"; path = "Pods/Target Support Files/Pods-Frage/Pods-Frage.release.xcconfig"; sourceTree = "<group>"; };
		BA81A93D33D7879B7392E6BB /* Pods_Frage.framework */ = {isa = PBXFileReference; explicitFileType = wrapper.framework; includeInIndex = 0; path = Pods_Frage.framework; sourceTree = BUILT_PRODUCTS_DIR; };
		C9096BC320BAEDAF45C2C782 /* Pods-Frage.debug.xcconfig */ = {isa = PBXFileReference; includeInIndex = 1; lastKnownFileType = text.xcconfig; name = "Pods-Frage.debug.xcconfig"; path = "Pods/Target Support Files/Pods-Frage/Pods-Frage.debug.xcconfig"; sourceTree = "<group>"; };
		CE8942B721232B83003173D0 /* MyPage.storyboard */ = {isa = PBXFileReference; lastKnownFileType = file.storyboard; path = MyPage.storyboard; sourceTree = "<group>"; };
		CE8942B921232B8F003173D0 /* Board.storyboard */ = {isa = PBXFileReference; lastKnownFileType = file.storyboard; path = Board.storyboard; sourceTree = "<group>"; };
		CEE65BBB212332AA003BC904 /* BoardDetail.storyboard */ = {isa = PBXFileReference; lastKnownFileType = file.storyboard; path = BoardDetail.storyboard; sourceTree = "<group>"; };
		CEE65BBD212338B1003BC904 /* Frage.swift */ = {isa = PBXFileReference; lastKnownFileType = sourcecode.swift; path = Frage.swift; sourceTree = "<group>"; };
		CEE65BBF212338D8003BC904 /* Result.swift */ = {isa = PBXFileReference; lastKnownFileType = sourcecode.swift; path = Result.swift; sourceTree = "<group>"; };
		CEE65BC221234BCA003BC904 /* PostFrageViewController.swift */ = {isa = PBXFileReference; lastKnownFileType = sourcecode.swift; path = PostFrageViewController.swift; sourceTree = "<group>"; };
/* End PBXFileReference section */

/* Begin PBXFrameworksBuildPhase section */
		2241132C2122FEAD00198C47 /* Frameworks */ = {
			isa = PBXFrameworksBuildPhase;
			buildActionMask = 2147483647;
			files = (
				06826DD55A9AD188E9E32B16 /* Pods_Frage.framework in Frameworks */,
			);
			runOnlyForDeploymentPostprocessing = 0;
		};
/* End PBXFrameworksBuildPhase section */

/* Begin PBXGroup section */
		112638846F925B6BC5DA0DE8 /* Pods */ = {
			isa = PBXGroup;
			children = (
				C9096BC320BAEDAF45C2C782 /* Pods-Frage.debug.xcconfig */,
				234E2BB16CCBDF5CF00C8E22 /* Pods-Frage.release.xcconfig */,
			);
			name = Pods;
			sourceTree = "<group>";
		};
		224113262122FEAD00198C47 = {
			isa = PBXGroup;
			children = (
				224113312122FEAD00198C47 /* Frage */,
				224113302122FEAD00198C47 /* Products */,
				112638846F925B6BC5DA0DE8 /* Pods */,
				29F5EB2A0AFF050ABCC04E8D /* Frameworks */,
			);
			sourceTree = "<group>";
		};
		224113302122FEAD00198C47 /* Products */ = {
			isa = PBXGroup;
			children = (
				2241132F2122FEAD00198C47 /* Frage.app */,
			);
			name = Products;
			sourceTree = "<group>";
		};
		224113312122FEAD00198C47 /* Frage */ = {
			isa = PBXGroup;
			children = (
				CE8942AE21232AD7003173D0 /* Application */,
				CE8942AF21232ADD003173D0 /* Asset */,
				CE8942B121232AE6003173D0 /* Model */,
				CE8942B221232AEA003173D0 /* Module */,
				224113452122FEC000198C47 /* Storyboard */,
				CE8942B021232AE3003173D0 /* View */,
			);
			path = Frage;
			sourceTree = "<group>";
		};
		224113452122FEC000198C47 /* Storyboard */ = {
			isa = PBXGroup;
			children = (
				224113362122FEAD00198C47 /* Main.storyboard */,
				2241133B2122FEAE00198C47 /* LaunchScreen.storyboard */,
			);
			path = Storyboard;
			sourceTree = "<group>";
		};
		29F5EB2A0AFF050ABCC04E8D /* Frameworks */ = {
			isa = PBXGroup;
			children = (
				BA81A93D33D7879B7392E6BB /* Pods_Frage.framework */,
			);
			name = Frameworks;
			sourceTree = "<group>";
		};
		CE8942AE21232AD7003173D0 /* Application */ = {
			isa = PBXGroup;
			children = (
				2241133E2122FEAE00198C47 /* Info.plist */,
				224113322122FEAD00198C47 /* AppDelegate.swift */,
			);
			path = Application;
			sourceTree = "<group>";
		};
		CE8942AF21232ADD003173D0 /* Asset */ = {
			isa = PBXGroup;
			children = (
				224113392122FEAE00198C47 /* Assets.xcassets */,
			);
			path = Asset;
			sourceTree = "<group>";
		};
		CE8942B021232AE3003173D0 /* View */ = {
			isa = PBXGroup;
			children = (
				CE8942B621232B32003173D0 /* MyPage */,
				CE8942B521232B29003173D0 /* Frage */,
				CE8942B421232B23003173D0 /* Join */,
				CE8942B321232B03003173D0 /* Login */,
			);
			path = View;
			sourceTree = "<group>";
		};
		CE8942B121232AE6003173D0 /* Model */ = {
			isa = PBXGroup;
			children = (
				CEE65BBD212338B1003BC904 /* Frage.swift */,
			);
			path = Model;
			sourceTree = "<group>";
		};
		CE8942B221232AEA003173D0 /* Module */ = {
			isa = PBXGroup;
			children = (
				CEE65BBF212338D8003BC904 /* Result.swift */,
				22DC270021234DF100D6A254 /* APIService.swift */,
			);
			path = Module;
			sourceTree = "<group>";
		};
		CE8942B321232B03003173D0 /* Login */ = {
			isa = PBXGroup;
			children = (
				224113342122FEAD00198C47 /* LoginViewController.swift */,
			);
			path = Login;
			sourceTree = "<group>";
		};
		CE8942B421232B23003173D0 /* Join */ = {
			isa = PBXGroup;
			children = (
				2241134621230AA900198C47 /* JoinViewController.swift */,
			);
			path = Join;
			sourceTree = "<group>";
		};
		CE8942B521232B29003173D0 /* Frage */ = {
			isa = PBXGroup;
			children = (
				CEE65BC121234BB4003BC904 /* PostFrage */,
				CE8942BC21232CBF003173D0 /* Storyboard */,
				2241135421231CB100198C47 /* BoardDetailViewController.swift */,
				2241134821230DB800198C47 /* BoardViewController.swift */,
				2241134A2123126C00198C47 /* BoardTableViewCell.swift */,
			);
			path = Frage;
			sourceTree = "<group>";
		};
		CE8942B621232B32003173D0 /* MyPage */ = {
			isa = PBXGroup;
			children = (
				CE8942BB21232CB9003173D0 /* Storyboard */,
				224113502123194000198C47 /* MyPageViewController.swift */,
				2241135221231BF300198C47 /* UpdateMyPageViewController.swift */,
			);
			path = MyPage;
			sourceTree = "<group>";
		};
		CE8942BB21232CB9003173D0 /* Storyboard */ = {
			isa = PBXGroup;
			children = (
				CE8942B721232B83003173D0 /* MyPage.storyboard */,
			);
			path = Storyboard;
			sourceTree = "<group>";
		};
		CE8942BC21232CBF003173D0 /* Storyboard */ = {
			isa = PBXGroup;
			children = (
				CE8942B921232B8F003173D0 /* Board.storyboard */,
				CEE65BBB212332AA003BC904 /* BoardDetail.storyboard */,
			);
			path = Storyboard;
			sourceTree = "<group>";
		};
		CEE65BC121234BB4003BC904 /* PostFrage */ = {
			isa = PBXGroup;
			children = (
				CEE65BC221234BCA003BC904 /* PostFrageViewController.swift */,
			);
			path = PostFrage;
			sourceTree = "<group>";
		};
/* End PBXGroup section */

/* Begin PBXNativeTarget section */
		2241132E2122FEAD00198C47 /* Frage */ = {
			isa = PBXNativeTarget;
			buildConfigurationList = 224113412122FEAE00198C47 /* Build configuration list for PBXNativeTarget "Frage" */;
			buildPhases = (
				48E1CE158C1FC78AB7C94761 /* [CP] Check Pods Manifest.lock */,
				2241132B2122FEAD00198C47 /* Sources */,
				2241132C2122FEAD00198C47 /* Frameworks */,
				2241132D2122FEAD00198C47 /* Resources */,
				3F8467CB90FDECF0CC282EF8 /* [CP] Embed Pods Frameworks */,
			);
			buildRules = (
			);
			dependencies = (
			);
			name = Frage;
			productName = Frage;
			productReference = 2241132F2122FEAD00198C47 /* Frage.app */;
			productType = "com.apple.product-type.application";
		};
/* End PBXNativeTarget section */

/* Begin PBXProject section */
		224113272122FEAD00198C47 /* Project object */ = {
			isa = PBXProject;
			attributes = {
				LastSwiftUpdateCheck = 0940;
				LastUpgradeCheck = 0940;
				ORGANIZATIONNAME = yeen;
				TargetAttributes = {
					2241132E2122FEAD00198C47 = {
						CreatedOnToolsVersion = 9.4.1;
					};
				};
			};
			buildConfigurationList = 2241132A2122FEAD00198C47 /* Build configuration list for PBXProject "Frage" */;
			compatibilityVersion = "Xcode 9.3";
			developmentRegion = en;
			hasScannedForEncodings = 0;
			knownRegions = (
				en,
				Base,
			);
			mainGroup = 224113262122FEAD00198C47;
			productRefGroup = 224113302122FEAD00198C47 /* Products */;
			projectDirPath = "";
			projectRoot = "";
			targets = (
				2241132E2122FEAD00198C47 /* Frage */,
			);
		};
/* End PBXProject section */

/* Begin PBXResourcesBuildPhase section */
		2241132D2122FEAD00198C47 /* Resources */ = {
			isa = PBXResourcesBuildPhase;
			buildActionMask = 2147483647;
			files = (
				2241133D2122FEAE00198C47 /* LaunchScreen.storyboard in Resources */,
				CE8942BA21232B8F003173D0 /* Board.storyboard in Resources */,
				2241133A2122FEAE00198C47 /* Assets.xcassets in Resources */,
				224113382122FEAD00198C47 /* Main.storyboard in Resources */,
				CEE65BBC212332AA003BC904 /* BoardDetail.storyboard in Resources */,
				CE8942B821232B83003173D0 /* MyPage.storyboard in Resources */,
			);
			runOnlyForDeploymentPostprocessing = 0;
		};
/* End PBXResourcesBuildPhase section */

/* Begin PBXShellScriptBuildPhase section */
		3F8467CB90FDECF0CC282EF8 /* [CP] Embed Pods Frameworks */ = {
			isa = PBXShellScriptBuildPhase;
			buildActionMask = 2147483647;
			files = (
			);
			inputPaths = (
				"${SRCROOT}/Pods/Target Support Files/Pods-Frage/Pods-Frage-frameworks.sh",
				"${BUILT_PRODUCTS_DIR}/Alamofire/Alamofire.framework",
				"${BUILT_PRODUCTS_DIR}/Kingfisher/Kingfisher.framework",
				"${BUILT_PRODUCTS_DIR}/ObjectMapper/ObjectMapper.framework",
				"${BUILT_PRODUCTS_DIR}/SwiftyJSON/SwiftyJSON.framework",
			);
			name = "[CP] Embed Pods Frameworks";
			outputPaths = (
				"${TARGET_BUILD_DIR}/${FRAMEWORKS_FOLDER_PATH}/Alamofire.framework",
				"${TARGET_BUILD_DIR}/${FRAMEWORKS_FOLDER_PATH}/Kingfisher.framework",
				"${TARGET_BUILD_DIR}/${FRAMEWORKS_FOLDER_PATH}/ObjectMapper.framework",
				"${TARGET_BUILD_DIR}/${FRAMEWORKS_FOLDER_PATH}/SwiftyJSON.framework",
			);
			runOnlyForDeploymentPostprocessing = 0;
			shellPath = /bin/sh;
			shellScript = "\"${SRCROOT}/Pods/Target Support Files/Pods-Frage/Pods-Frage-frameworks.sh\"\n";
			showEnvVarsInLog = 0;
		};
		48E1CE158C1FC78AB7C94761 /* [CP] Check Pods Manifest.lock */ = {
			isa = PBXShellScriptBuildPhase;
			buildActionMask = 2147483647;
			files = (
			);
			inputPaths = (
				"${PODS_PODFILE_DIR_PATH}/Podfile.lock",
				"${PODS_ROOT}/Manifest.lock",
			);
			name = "[CP] Check Pods Manifest.lock";
			outputPaths = (
				"$(DERIVED_FILE_DIR)/Pods-Frage-checkManifestLockResult.txt",
			);
			runOnlyForDeploymentPostprocessing = 0;
			shellPath = /bin/sh;
			shellScript = "diff \"${PODS_PODFILE_DIR_PATH}/Podfile.lock\" \"${PODS_ROOT}/Manifest.lock\" > /dev/null\nif [ $? != 0 ] ; then\n    # print error to STDERR\n    echo \"error: The sandbox is not in sync with the Podfile.lock. Run 'pod install' or update your CocoaPods installation.\" >&2\n    exit 1\nfi\n# This output is used by Xcode 'outputs' to avoid re-running this script phase.\necho \"SUCCESS\" > \"${SCRIPT_OUTPUT_FILE_0}\"\n";
			showEnvVarsInLog = 0;
		};
/* End PBXShellScriptBuildPhase section */

/* Begin PBXSourcesBuildPhase section */
		2241132B2122FEAD00198C47 /* Sources */ = {
			isa = PBXSourcesBuildPhase;
			buildActionMask = 2147483647;
			files = (
				2241135321231BF300198C47 /* UpdateMyPageViewController.swift in Sources */,
				CEE65BC321234BCA003BC904 /* PostFrageViewController.swift in Sources */,
				2241134B2123126C00198C47 /* BoardTableViewCell.swift in Sources */,
				224113512123194000198C47 /* MyPageViewController.swift in Sources */,
				224113352122FEAD00198C47 /* LoginViewController.swift in Sources */,
				CEE65BBE212338B1003BC904 /* Frage.swift in Sources */,
				2241135521231CB100198C47 /* BoardDetailViewController.swift in Sources */,
				2241134721230AA900198C47 /* JoinViewController.swift in Sources */,
				224113332122FEAD00198C47 /* AppDelegate.swift in Sources */,
				2241134921230DB800198C47 /* BoardViewController.swift in Sources */,
				22DC270121234DF100D6A254 /* APIService.swift in Sources */,
				CEE65BC0212338D8003BC904 /* Result.swift in Sources */,
			);
			runOnlyForDeploymentPostprocessing = 0;
		};
/* End PBXSourcesBuildPhase section */

/* Begin PBXVariantGroup section */
		224113362122FEAD00198C47 /* Main.storyboard */ = {
			isa = PBXVariantGroup;
			children = (
				224113372122FEAD00198C47 /* Base */,
			);
			name = Main.storyboard;
			sourceTree = "<group>";
		};
		2241133B2122FEAE00198C47 /* LaunchScreen.storyboard */ = {
			isa = PBXVariantGroup;
			children = (
				2241133C2122FEAE00198C47 /* Base */,
			);
			name = LaunchScreen.storyboard;
			sourceTree = "<group>";
		};
/* End PBXVariantGroup section */

/* Begin XCBuildConfiguration section */
		2241133F2122FEAE00198C47 /* Debug */ = {
			isa = XCBuildConfiguration;
			buildSettings = {
				ALWAYS_SEARCH_USER_PATHS = NO;
				CLANG_ANALYZER_NONNULL = YES;
				CLANG_ANALYZER_NUMBER_OBJECT_CONVERSION = YES_AGGRESSIVE;
				CLANG_CXX_LANGUAGE_STANDARD = "gnu++14";
				CLANG_CXX_LIBRARY = "libc++";
				CLANG_ENABLE_MODULES = YES;
				CLANG_ENABLE_OBJC_ARC = YES;
				CLANG_ENABLE_OBJC_WEAK = YES;
				CLANG_WARN_BLOCK_CAPTURE_AUTORELEASING = YES;
				CLANG_WARN_BOOL_CONVERSION = YES;
				CLANG_WARN_COMMA = YES;
				CLANG_WARN_CONSTANT_CONVERSION = YES;
				CLANG_WARN_DEPRECATED_OBJC_IMPLEMENTATIONS = YES;
				CLANG_WARN_DIRECT_OBJC_ISA_USAGE = YES_ERROR;
				CLANG_WARN_DOCUMENTATION_COMMENTS = YES;
				CLANG_WARN_EMPTY_BODY = YES;
				CLANG_WARN_ENUM_CONVERSION = YES;
				CLANG_WARN_INFINITE_RECURSION = YES;
				CLANG_WARN_INT_CONVERSION = YES;
				CLANG_WARN_NON_LITERAL_NULL_CONVERSION = YES;
				CLANG_WARN_OBJC_IMPLICIT_RETAIN_SELF = YES;
				CLANG_WARN_OBJC_LITERAL_CONVERSION = YES;
				CLANG_WARN_OBJC_ROOT_CLASS = YES_ERROR;
				CLANG_WARN_RANGE_LOOP_ANALYSIS = YES;
				CLANG_WARN_STRICT_PROTOTYPES = YES;
				CLANG_WARN_SUSPICIOUS_MOVE = YES;
				CLANG_WARN_UNGUARDED_AVAILABILITY = YES_AGGRESSIVE;
				CLANG_WARN_UNREACHABLE_CODE = YES;
				CLANG_WARN__DUPLICATE_METHOD_MATCH = YES;
				CODE_SIGN_IDENTITY = "iPhone Developer";
				COPY_PHASE_STRIP = NO;
				DEBUG_INFORMATION_FORMAT = dwarf;
				ENABLE_STRICT_OBJC_MSGSEND = YES;
				ENABLE_TESTABILITY = YES;
				GCC_C_LANGUAGE_STANDARD = gnu11;
				GCC_DYNAMIC_NO_PIC = NO;
				GCC_NO_COMMON_BLOCKS = YES;
				GCC_OPTIMIZATION_LEVEL = 0;
				GCC_PREPROCESSOR_DEFINITIONS = (
					"DEBUG=1",
					"$(inherited)",
				);
				GCC_WARN_64_TO_32_BIT_CONVERSION = YES;
				GCC_WARN_ABOUT_RETURN_TYPE = YES_ERROR;
				GCC_WARN_UNDECLARED_SELECTOR = YES;
				GCC_WARN_UNINITIALIZED_AUTOS = YES_AGGRESSIVE;
				GCC_WARN_UNUSED_FUNCTION = YES;
				GCC_WARN_UNUSED_VARIABLE = YES;
				IPHONEOS_DEPLOYMENT_TARGET = 11.0;
				MTL_ENABLE_DEBUG_INFO = YES;
				ONLY_ACTIVE_ARCH = YES;
				SDKROOT = iphoneos;
				SWIFT_ACTIVE_COMPILATION_CONDITIONS = DEBUG;
				SWIFT_OPTIMIZATION_LEVEL = "-Onone";
			};
			name = Debug;
		};
		224113402122FEAE00198C47 /* Release */ = {
			isa = XCBuildConfiguration;
			buildSettings = {
				ALWAYS_SEARCH_USER_PATHS = NO;
				CLANG_ANALYZER_NONNULL = YES;
				CLANG_ANALYZER_NUMBER_OBJECT_CONVERSION = YES_AGGRESSIVE;
				CLANG_CXX_LANGUAGE_STANDARD = "gnu++14";
				CLANG_CXX_LIBRARY = "libc++";
				CLANG_ENABLE_MODULES = YES;
				CLANG_ENABLE_OBJC_ARC = YES;
				CLANG_ENABLE_OBJC_WEAK = YES;
				CLANG_WARN_BLOCK_CAPTURE_AUTORELEASING = YES;
				CLANG_WARN_BOOL_CONVERSION = YES;
				CLANG_WARN_COMMA = YES;
				CLANG_WARN_CONSTANT_CONVERSION = YES;
				CLANG_WARN_DEPRECATED_OBJC_IMPLEMENTATIONS = YES;
				CLANG_WARN_DIRECT_OBJC_ISA_USAGE = YES_ERROR;
				CLANG_WARN_DOCUMENTATION_COMMENTS = YES;
				CLANG_WARN_EMPTY_BODY = YES;
				CLANG_WARN_ENUM_CONVERSION = YES;
				CLANG_WARN_INFINITE_RECURSION = YES;
				CLANG_WARN_INT_CONVERSION = YES;
				CLANG_WARN_NON_LITERAL_NULL_CONVERSION = YES;
				CLANG_WARN_OBJC_IMPLICIT_RETAIN_SELF = YES;
				CLANG_WARN_OBJC_LITERAL_CONVERSION = YES;
				CLANG_WARN_OBJC_ROOT_CLASS = YES_ERROR;
				CLANG_WARN_RANGE_LOOP_ANALYSIS = YES;
				CLANG_WARN_STRICT_PROTOTYPES = YES;
				CLANG_WARN_SUSPICIOUS_MOVE = YES;
				CLANG_WARN_UNGUARDED_AVAILABILITY = YES_AGGRESSIVE;
				CLANG_WARN_UNREACHABLE_CODE = YES;
				CLANG_WARN__DUPLICATE_METHOD_MATCH = YES;
				CODE_SIGN_IDENTITY = "iPhone Developer";
				COPY_PHASE_STRIP = NO;
				DEBUG_INFORMATION_FORMAT = "dwarf-with-dsym";
				ENABLE_NS_ASSERTIONS = NO;
				ENABLE_STRICT_OBJC_MSGSEND = YES;
				GCC_C_LANGUAGE_STANDARD = gnu11;
				GCC_NO_COMMON_BLOCKS = YES;
				GCC_WARN_64_TO_32_BIT_CONVERSION = YES;
				GCC_WARN_ABOUT_RETURN_TYPE = YES_ERROR;
				GCC_WARN_UNDECLARED_SELECTOR = YES;
				GCC_WARN_UNINITIALIZED_AUTOS = YES_AGGRESSIVE;
				GCC_WARN_UNUSED_FUNCTION = YES;
				GCC_WARN_UNUSED_VARIABLE = YES;
				IPHONEOS_DEPLOYMENT_TARGET = 11.0;
				MTL_ENABLE_DEBUG_INFO = NO;
				SDKROOT = iphoneos;
				SWIFT_COMPILATION_MODE = wholemodule;
				SWIFT_OPTIMIZATION_LEVEL = "-O";
				VALIDATE_PRODUCT = YES;
			};
			name = Release;
		};
		224113422122FEAE00198C47 /* Debug */ = {
			isa = XCBuildConfiguration;
			baseConfigurationReference = C9096BC320BAEDAF45C2C782 /* Pods-Frage.debug.xcconfig */;
			buildSettings = {
				ASSETCATALOG_COMPILER_APPICON_NAME = AppIcon;
				CODE_SIGN_STYLE = Automatic;
				DEVELOPMENT_TEAM = 23EFP3FERN;
				INFOPLIST_FILE = Frage/Application/Info.plist;
				LD_RUNPATH_SEARCH_PATHS = "$(inherited) @executable_path/Frameworks";
				PRODUCT_BUNDLE_IDENTIFIER = com.develop.yeen.Frage;
				PRODUCT_NAME = "$(TARGET_NAME)";
				SWIFT_VERSION = 4.0;
				TARGETED_DEVICE_FAMILY = "1,2";
			};
			name = Debug;
		};
		224113432122FEAE00198C47 /* Release */ = {
			isa = XCBuildConfiguration;
			baseConfigurationReference = 234E2BB16CCBDF5CF00C8E22 /* Pods-Frage.release.xcconfig */;
			buildSettings = {
				ASSETCATALOG_COMPILER_APPICON_NAME = AppIcon;
				CODE_SIGN_STYLE = Automatic;
				DEVELOPMENT_TEAM = 23EFP3FERN;
				INFOPLIST_FILE = Frage/Application/Info.plist;
				LD_RUNPATH_SEARCH_PATHS = "$(inherited) @executable_path/Frameworks";
				PRODUCT_BUNDLE_IDENTIFIER = com.develop.yeen.Frage;
				PRODUCT_NAME = "$(TARGET_NAME)";
				SWIFT_VERSION = 4.0;
				TARGETED_DEVICE_FAMILY = "1,2";
			};
			name = Release;
		};
/* End XCBuildConfiguration section */

/* Begin XCConfigurationList section */
		2241132A2122FEAD00198C47 /* Build configuration list for PBXProject "Frage" */ = {
			isa = XCConfigurationList;
			buildConfigurations = (
				2241133F2122FEAE00198C47 /* Debug */,
				224113402122FEAE00198C47 /* Release */,
			);
			defaultConfigurationIsVisible = 0;
			defaultConfigurationName = Release;
		};
		224113412122FEAE00198C47 /* Build configuration list for PBXNativeTarget "Frage" */ = {
			isa = XCConfigurationList;
			buildConfigurations = (
				224113422122FEAE00198C47 /* Debug */,
				224113432122FEAE00198C47 /* Release */,
			);
			defaultConfigurationIsVisible = 0;
			defaultConfigurationName = Release;
		};
/* End XCConfigurationList section */
	};
	rootObject = 224113272122FEAD00198C47 /* Project object */;
}
